
Microsoft Visual Studio Solution File, Format Version 12.00
# Visual Studio Version 17
VisualStudioVersion = 17.5.33627.172
MinimumVisualStudioVersion = 10.0.40219.1
Project("{FAE04EC0-301F-11D3-BF4B-00C04F79EFBC}") = "mjc-dev", "mjc-dev.csproj", "{C30C0798-FF97-4021-8842-73B71A95F10B}"
EndProject
Global
	GlobalSection(SolutionConfigurationPlatforms) = preSolution
		Debug|Any CPU = Debug|Any CPU
		Release|Any CPU = Release|Any CPU
	EndGlobalSection
	GlobalSection(ProjectConfigurationPlatforms) = postSolution
		{C30C0798-FF97-4021-8842-73B71A95F10B}.Debug|Any CPU.ActiveCfg = Debug|Any CPU
		{C30C0798-FF97-4021-8842-73B71A95F10B}.Debug|Any CPU.Build.0 = Debug|Any CPU
		{C30C0798-FF97-4021-8842-73B71A95F10B}.Release|Any CPU.ActiveCfg = Release|Any CPU
		{C30C0798-FF97-4021-8842-73B71A95F10B}.Release|Any CPU.Build.0 = Release|Any CPU
	EndGlobalSection
	GlobalSection(SolutionProperties) = preSolution
		HideSolutionNode = FALSE
	EndGlobalSection
	GlobalSection(ExtensibilityGlobals) = postSolution
		SolutionGuid = {4A7ECD97-B035-4429-A9B0-1660BC0DECBF}
	EndGlobalSection
EndGlobal
